// !$*UTF8*$!
{
	archiveVersion = 1;
	classes = {
	};
	objectVersion = 56;
	objects = {

/* Begin PBXBuildFile section */
		D22EDDD72A3942A80098DE1B /* AppDelegate.swift in Sources */ = {isa = PBXBuildFile; fileRef = D22EDDD62A3942A80098DE1B /* AppDelegate.swift */; };
		D22EDDD92A3942A80098DE1B /* SceneDelegate.swift in Sources */ = {isa = PBXBuildFile; fileRef = D22EDDD82A3942A80098DE1B /* SceneDelegate.swift */; };
		D22EDDDB2A3942A80098DE1B /* ViewController.swift in Sources */ = {isa = PBXBuildFile; fileRef = D22EDDDA2A3942A80098DE1B /* ViewController.swift */; };
		D22EDDDE2A3942A80098DE1B /* Main.storyboard in Resources */ = {isa = PBXBuildFile; fileRef = D22EDDDC2A3942A80098DE1B /* Main.storyboard */; };
		D22EDDE02A3942A90098DE1B /* Assets.xcassets in Resources */ = {isa = PBXBuildFile; fileRef = D22EDDDF2A3942A90098DE1B /* Assets.xcassets */; };
		D22EDDE32A3942A90098DE1B /* LaunchScreen.storyboard in Resources */ = {isa = PBXBuildFile; fileRef = D22EDDE12A3942A90098DE1B /* LaunchScreen.storyboard */; };
		D22EDDEC2A3943D50098DE1B /* MovieCollectionViewCell.swift in Sources */ = {isa = PBXBuildFile; fileRef = D22EDDEA2A3943D50098DE1B /* MovieCollectionViewCell.swift */; };
		D22EDDED2A3943D50098DE1B /* MovieCollectionViewCell.xib in Resources */ = {isa = PBXBuildFile; fileRef = D22EDDEB2A3943D50098DE1B /* MovieCollectionViewCell.xib */; };
		D22EDDF02A3BEAF70098DE1B /* CategoryCollectionViewCell.swift in Sources */ = {isa = PBXBuildFile; fileRef = D22EDDEE2A3BEAF70098DE1B /* CategoryCollectionViewCell.swift */; };
		D22EDDF12A3BEAF70098DE1B /* CategoryCollectionViewCell.xib in Resources */ = {isa = PBXBuildFile; fileRef = D22EDDEF2A3BEAF70098DE1B /* CategoryCollectionViewCell.xib */; };
		D22EDDF42A3BFC4C0098DE1B /* CategoryMovieDatasource.swift in Sources */ = {isa = PBXBuildFile; fileRef = D22EDDF22A3BFA160098DE1B /* CategoryMovieDatasource.swift */; };
		D22EDDF62A3BFCE40098DE1B /* MovieDataSource.swift in Sources */ = {isa = PBXBuildFile; fileRef = D22EDDF52A3BFCE40098DE1B /* MovieDataSource.swift */; };
		D22EDDF92A4537CB0098DE1B /* Client.swift in Sources */ = {isa = PBXBuildFile; fileRef = D22EDDF82A4537CB0098DE1B /* Client.swift */; };
/* End PBXBuildFile section */

/* Begin PBXFileReference section */
		D22EDDD32A3942A80098DE1B /* GrillaApp.app */ = {isa = PBXFileReference; explicitFileType = wrapper.application; includeInIndex = 0; path = GrillaApp.app; sourceTree = BUILT_PRODUCTS_DIR; };
		D22EDDD62A3942A80098DE1B /* AppDelegate.swift */ = {isa = PBXFileReference; lastKnownFileType = sourcecode.swift; path = AppDelegate.swift; sourceTree = "<group>"; };
		D22EDDD82A3942A80098DE1B /* SceneDelegate.swift */ = {isa = PBXFileReference; lastKnownFileType = sourcecode.swift; path = SceneDelegate.swift; sourceTree = "<group>"; };
		D22EDDDA2A3942A80098DE1B /* ViewController.swift */ = {isa = PBXFileReference; lastKnownFileType = sourcecode.swift; path = ViewController.swift; sourceTree = "<group>"; };
		D22EDDDD2A3942A80098DE1B /* Base */ = {isa = PBXFileReference; lastKnownFileType = file.storyboard; name = Base; path = Base.lproj/Main.storyboard; sourceTree = "<group>"; };
		D22EDDDF2A3942A90098DE1B /* Assets.xcassets */ = {isa = PBXFileReference; lastKnownFileType = folder.assetcatalog; path = Assets.xcassets; sourceTree = "<group>"; };
		D22EDDE22A3942A90098DE1B /* Base */ = {isa = PBXFileReference; lastKnownFileType = file.storyboard; name = Base; path = Base.lproj/LaunchScreen.storyboard; sourceTree = "<group>"; };
		D22EDDE42A3942A90098DE1B /* Info.plist */ = {isa = PBXFileReference; lastKnownFileType = text.plist.xml; path = Info.plist; sourceTree = "<group>"; };
		D22EDDEA2A3943D50098DE1B /* MovieCollectionViewCell.swift */ = {isa = PBXFileReference; lastKnownFileType = sourcecode.swift; path = MovieCollectionViewCell.swift; sourceTree = "<group>"; };
		D22EDDEB2A3943D50098DE1B /* MovieCollectionViewCell.xib */ = {isa = PBXFileReference; lastKnownFileType = file.xib; path = MovieCollectionViewCell.xib; sourceTree = "<group>"; };
		D22EDDEE2A3BEAF70098DE1B /* CategoryCollectionViewCell.swift */ = {isa = PBXFileReference; lastKnownFileType = sourcecode.swift; path = CategoryCollectionViewCell.swift; sourceTree = "<group>"; };
		D22EDDEF2A3BEAF70098DE1B /* CategoryCollectionViewCell.xib */ = {isa = PBXFileReference; lastKnownFileType = file.xib; path = CategoryCollectionViewCell.xib; sourceTree = "<group>"; };
		D22EDDF22A3BFA160098DE1B /* CategoryMovieDatasource.swift */ = {isa = PBXFileReference; lastKnownFileType = sourcecode.swift; path = CategoryMovieDatasource.swift; sourceTree = "<group>"; };
		D22EDDF52A3BFCE40098DE1B /* MovieDataSource.swift */ = {isa = PBXFileReference; lastKnownFileType = sourcecode.swift; path = MovieDataSource.swift; sourceTree = "<group>"; };
		D22EDDF82A4537CB0098DE1B /* Client.swift */ = {isa = PBXFileReference; lastKnownFileType = sourcecode.swift; path = Client.swift; sourceTree = "<group>"; };
/* End PBXFileReference section */

/* Begin PBXFrameworksBuildPhase section */
		D22EDDD02A3942A80098DE1B /* Frameworks */ = {
			isa = PBXFrameworksBuildPhase;
			buildActionMask = 2147483647;
			files = (
			);
			runOnlyForDeploymentPostprocessing = 0;
		};
/* End PBXFrameworksBuildPhase section */

/* Begin PBXGroup section */
		D22EDDCA2A3942A80098DE1B = {
			isa = PBXGroup;
			children = (
				D22EDDD52A3942A80098DE1B /* GrillaApp */,
				D22EDDD42A3942A80098DE1B /* Products */,
			);
			sourceTree = "<group>";
		};
		D22EDDD42A3942A80098DE1B /* Products */ = {
			isa = PBXGroup;
			children = (
				D22EDDD32A3942A80098DE1B /* GrillaApp.app */,
			);
			name = Products;
			sourceTree = "<group>";
		};
		D22EDDD52A3942A80098DE1B /* GrillaApp */ = {
			isa = PBXGroup;
			children = (
				D22EDDF72A4537AB0098DE1B /* Client */,
				D22EDDD62A3942A80098DE1B /* AppDelegate.swift */,
				D22EDDD82A3942A80098DE1B /* SceneDelegate.swift */,
				D22EDDDA2A3942A80098DE1B /* ViewController.swift */,
				D22EDDDC2A3942A80098DE1B /* Main.storyboard */,
				D22EDDDF2A3942A90098DE1B /* Assets.xcassets */,
				D22EDDE12A3942A90098DE1B /* LaunchScreen.storyboard */,
				D22EDDE42A3942A90098DE1B /* Info.plist */,
				D22EDDEA2A3943D50098DE1B /* MovieCollectionViewCell.swift */,
				D22EDDEB2A3943D50098DE1B /* MovieCollectionViewCell.xib */,
				D22EDDEE2A3BEAF70098DE1B /* CategoryCollectionViewCell.swift */,
				D22EDDEF2A3BEAF70098DE1B /* CategoryCollectionViewCell.xib */,
				D22EDDF22A3BFA160098DE1B /* CategoryMovieDatasource.swift */,
				D22EDDF52A3BFCE40098DE1B /* MovieDataSource.swift */,
			);
			path = GrillaApp;
			sourceTree = "<group>";
		};
		D22EDDF72A4537AB0098DE1B /* Client */ = {
			isa = PBXGroup;
			children = (
				D22EDDF82A4537CB0098DE1B /* Client.swift */,
			);
			path = Client;
			sourceTree = "<group>";
		};
/* End PBXGroup section */

/* Begin PBXNativeTarget section */
		D22EDDD22A3942A80098DE1B /* GrillaApp */ = {
			isa = PBXNativeTarget;
			buildConfigurationList = D22EDDE72A3942A90098DE1B /* Build configuration list for PBXNativeTarget "GrillaApp" */;
			buildPhases = (
				D22EDDCF2A3942A80098DE1B /* Sources */,
				D22EDDD02A3942A80098DE1B /* Frameworks */,
				D22EDDD12A3942A80098DE1B /* Resources */,
			);
			buildRules = (
			);
			dependencies = (
			);
			name = GrillaApp;
			productName = GrillaApp;
			productReference = D22EDDD32A3942A80098DE1B /* GrillaApp.app */;
			productType = "com.apple.product-type.application";
		};
/* End PBXNativeTarget section */

/* Begin PBXProject section */
		D22EDDCB2A3942A80098DE1B /* Project object */ = {
			isa = PBXProject;
			attributes = {
				BuildIndependentTargetsInParallel = 1;
				LastSwiftUpdateCheck = 1420;
				LastUpgradeCheck = 1420;
				TargetAttributes = {
					D22EDDD22A3942A80098DE1B = {
						CreatedOnToolsVersion = 14.2;
					};
				};
			};
			buildConfigurationList = D22EDDCE2A3942A80098DE1B /* Build configuration list for PBXProject "GrillaApp" */;
			compatibilityVersion = "Xcode 14.0";
			developmentRegion = en;
			hasScannedForEncodings = 0;
			knownRegions = (
				en,
				Base,
			);
			mainGroup = D22EDDCA2A3942A80098DE1B;
			productRefGroup = D22EDDD42A3942A80098DE1B /* Products */;
			projectDirPath = "";
			projectRoot = "";
			targets = (
				D22EDDD22A3942A80098DE1B /* GrillaApp */,
			);
		};
/* End PBXProject section */

/* Begin PBXResourcesBuildPhase section */
		D22EDDD12A3942A80098DE1B /* Resources */ = {
			isa = PBXResourcesBuildPhase;
			buildActionMask = 2147483647;
			files = (
				D22EDDE32A3942A90098DE1B /* LaunchScreen.storyboard in Resources */,
				D22EDDF12A3BEAF70098DE1B /* CategoryCollectionViewCell.xib in Resources */,
				D22EDDE02A3942A90098DE1B /* Assets.xcassets in Resources */,
				D22EDDDE2A3942A80098DE1B /* Main.storyboard in Resources */,
				D22EDDED2A3943D50098DE1B /* MovieCollectionViewCell.xib in Resources */,
			);
			runOnlyForDeploymentPostprocessing = 0;
		};
/* End PBXResourcesBuildPhase section */

/* Begin PBXSourcesBuildPhase section */
		D22EDDCF2A3942A80098DE1B /* Sources */ = {
			isa = PBXSourcesBuildPhase;
			buildActionMask = 2147483647;
			files = (
				D22EDDDB2A3942A80098DE1B /* ViewController.swift in Sources */,
				D22EDDF42A3BFC4C0098DE1B /* CategoryMovieDatasource.swift in Sources */,
				D22EDDF02A3BEAF70098DE1B /* CategoryCollectionViewCell.swift in Sources */,
				D22EDDD72A3942A80098DE1B /* AppDelegate.swift in Sources */,
				D22EDDD92A3942A80098DE1B /* SceneDelegate.swift in Sources */,
				D22EDDF62A3BFCE40098DE1B /* MovieDataSource.swift in Sources */,
				D22EDDF92A4537CB0098DE1B /* Client.swift in Sources */,
				D22EDDEC2A3943D50098DE1B /* MovieCollectionViewCell.swift in Sources */,
			);
			runOnlyForDeploymentPostprocessing = 0;
		};
/* End PBXSourcesBuildPhase section */

/* Begin PBXVariantGroup section */
		D22EDDDC2A3942A80098DE1B /* Main.storyboard */ = {
			isa = PBXVariantGroup;
			children = (
				D22EDDDD2A3942A80098DE1B /* Base */,
			);
			name = Main.storyboard;
			sourceTree = "<group>";
		};
		D22EDDE12A3942A90098DE1B /* LaunchScreen.storyboard */ = {
			isa = PBXVariantGroup;
			children = (
				D22EDDE22A3942A90098DE1B /* Base */,
			);
			name = LaunchScreen.storyboard;
			sourceTree = "<group>";
		};
/* End PBXVariantGroup section */

/* Begin XCBuildConfiguration section */
		D22EDDE52A3942A90098DE1B /* Debug */ = {
			isa = XCBuildConfiguration;
			buildSettings = {
				ALWAYS_SEARCH_USER_PATHS = NO;
				CLANG_ANALYZER_NONNULL = YES;
				CLANG_ANALYZER_NUMBER_OBJECT_CONVERSION = YES_AGGRESSIVE;
				CLANG_CXX_LANGUAGE_STANDARD = "gnu++20";
				CLANG_ENABLE_MODULES = YES;
				CLANG_ENABLE_OBJC_ARC = YES;
				CLANG_ENABLE_OBJC_WEAK = YES;
				CLANG_WARN_BLOCK_CAPTURE_AUTORELEASING = YES;
				CLANG_WARN_BOOL_CONVERSION = YES;
				CLANG_WARN_COMMA = YES;
				CLANG_WARN_CONSTANT_CONVERSION = YES;
				CLANG_WARN_DEPRECATED_OBJC_IMPLEMENTATIONS = YES;
				CLANG_WARN_DIRECT_OBJC_ISA_USAGE = YES_ERROR;
				CLANG_WARN_DOCUMENTATION_COMMENTS = YES;
				CLANG_WARN_EMPTY_BODY = YES;
				CLANG_WARN_ENUM_CONVERSION = YES;
				CLANG_WARN_INFINITE_RECURSION = YES;
				CLANG_WARN_INT_CONVERSION = YES;
				CLANG_WARN_NON_LITERAL_NULL_CONVERSION = YES;
				CLANG_WARN_OBJC_IMPLICIT_RETAIN_SELF = YES;
				CLANG_WARN_OBJC_LITERAL_CONVERSION = YES;
				CLANG_WARN_OBJC_ROOT_CLASS = YES_ERROR;
				CLANG_WARN_QUOTED_INCLUDE_IN_FRAMEWORK_HEADER = YES;
				CLANG_WARN_RANGE_LOOP_ANALYSIS = YES;
				CLANG_WARN_STRICT_PROTOTYPES = YES;
				CLANG_WARN_SUSPICIOUS_MOVE = YES;
				CLANG_WARN_UNGUARDED_AVAILABILITY = YES_AGGRESSIVE;
				CLANG_WARN_UNREACHABLE_CODE = YES;
				CLANG_WARN__DUPLICATE_METHOD_MATCH = YES;
				COPY_PHASE_STRIP = NO;
				DEBUG_INFORMATION_FORMAT = dwarf;
				ENABLE_STRICT_OBJC_MSGSEND = YES;
				ENABLE_TESTABILITY = YES;
				GCC_C_LANGUAGE_STANDARD = gnu11;
				GCC_DYNAMIC_NO_PIC = NO;
				GCC_NO_COMMON_BLOCKS = YES;
				GCC_OPTIMIZATION_LEVEL = 0;
				GCC_PREPROCESSOR_DEFINITIONS = (
					"DEBUG=1",
					"$(inherited)",
				);
				GCC_WARN_64_TO_32_BIT_CONVERSION = YES;
				GCC_WARN_ABOUT_RETURN_TYPE = YES_ERROR;
				GCC_WARN_UNDECLARED_SELECTOR = YES;
				GCC_WARN_UNINITIALIZED_AUTOS = YES_AGGRESSIVE;
				GCC_WARN_UNUSED_FUNCTION = YES;
				GCC_WARN_UNUSED_VARIABLE = YES;
				IPHONEOS_DEPLOYMENT_TARGET = 16.2;
				MTL_ENABLE_DEBUG_INFO = INCLUDE_SOURCE;
				MTL_FAST_MATH = YES;
				ONLY_ACTIVE_ARCH = YES;
				SDKROOT = iphoneos;
				SWIFT_ACTIVE_COMPILATION_CONDITIONS = DEBUG;
				SWIFT_OPTIMIZATION_LEVEL = "-Onone";
			};
			name = Debug;
		};
		D22EDDE62A3942A90098DE1B /* Release */ = {
			isa = XCBuildConfiguration;
			buildSettings = {
				ALWAYS_SEARCH_USER_PATHS = NO;
				CLANG_ANALYZER_NONNULL = YES;
				CLANG_ANALYZER_NUMBER_OBJECT_CONVERSION = YES_AGGRESSIVE;
				CLANG_CXX_LANGUAGE_STANDARD = "gnu++20";
				CLANG_ENABLE_MODULES = YES;
				CLANG_ENABLE_OBJC_ARC = YES;
				CLANG_ENABLE_OBJC_WEAK = YES;
				CLANG_WARN_BLOCK_CAPTURE_AUTORELEASING = YES;
				CLANG_WARN_BOOL_CONVERSION = YES;
				CLANG_WARN_COMMA = YES;
				CLANG_WARN_CONSTANT_CONVERSION = YES;
				CLANG_WARN_DEPRECATED_OBJC_IMPLEMENTATIONS = YES;
				CLANG_WARN_DIRECT_OBJC_ISA_USAGE = YES_ERROR;
				CLANG_WARN_DOCUMENTATION_COMMENTS = YES;
				CLANG_WARN_EMPTY_BODY = YES;
				CLANG_WARN_ENUM_CONVERSION = YES;
				CLANG_WARN_INFINITE_RECURSION = YES;
				CLANG_WARN_INT_CONVERSION = YES;
				CLANG_WARN_NON_LITERAL_NULL_CONVERSION = YES;
				CLANG_WARN_OBJC_IMPLICIT_RETAIN_SELF = YES;
				CLANG_WARN_OBJC_LITERAL_CONVERSION = YES;
				CLANG_WARN_OBJC_ROOT_CLASS = YES_ERROR;
				CLANG_WARN_QUOTED_INCLUDE_IN_FRAMEWORK_HEADER = YES;
				CLANG_WARN_RANGE_LOOP_ANALYSIS = YES;
				CLANG_WARN_STRICT_PROTOTYPES = YES;
				CLANG_WARN_SUSPICIOUS_MOVE = YES;
				CLANG_WARN_UNGUARDED_AVAILABILITY = YES_AGGRESSIVE;
				CLANG_WARN_UNREACHABLE_CODE = YES;
				CLANG_WARN__DUPLICATE_METHOD_MATCH = YES;
				COPY_PHASE_STRIP = NO;
				DEBUG_INFORMATION_FORMAT = "dwarf-with-dsym";
				ENABLE_NS_ASSERTIONS = NO;
				ENABLE_STRICT_OBJC_MSGSEND = YES;
				GCC_C_LANGUAGE_STANDARD = gnu11;
				GCC_NO_COMMON_BLOCKS = YES;
				GCC_WARN_64_TO_32_BIT_CONVERSION = YES;
				GCC_WARN_ABOUT_RETURN_TYPE = YES_ERROR;
				GCC_WARN_UNDECLARED_SELECTOR = YES;
				GCC_WARN_UNINITIALIZED_AUTOS = YES_AGGRESSIVE;
				GCC_WARN_UNUSED_FUNCTION = YES;
				GCC_WARN_UNUSED_VARIABLE = YES;
				IPHONEOS_DEPLOYMENT_TARGET = 16.2;
				MTL_ENABLE_DEBUG_INFO = NO;
				MTL_FAST_MATH = YES;
				SDKROOT = iphoneos;
				SWIFT_COMPILATION_MODE = wholemodule;
				SWIFT_OPTIMIZATION_LEVEL = "-O";
				VALIDATE_PRODUCT = YES;
			};
			name = Release;
		};
		D22EDDE82A3942A90098DE1B /* Debug */ = {
			isa = XCBuildConfiguration;
			buildSettings = {
				ASSETCATALOG_COMPILER_APPICON_NAME = AppIcon;
				ASSETCATALOG_COMPILER_GLOBAL_ACCENT_COLOR_NAME = AccentColor;
				CODE_SIGN_STYLE = Automatic;
				CURRENT_PROJECT_VERSION = 1;
				GENERATE_INFOPLIST_FILE = YES;
				INFOPLIST_FILE = GrillaApp/Info.plist;
				INFOPLIST_KEY_UIApplicationSupportsIndirectInputEvents = YES;
				INFOPLIST_KEY_UILaunchStoryboardName = LaunchScreen;
				INFOPLIST_KEY_UIMainStoryboardFile = Main;
				INFOPLIST_KEY_UISupportedInterfaceOrientations_iPad = "UIInterfaceOrientationPortrait UIInterfaceOrientationPortraitUpsideDown UIInterfaceOrientationLandscapeLeft UIInterfaceOrientationLandscapeRight";
				INFOPLIST_KEY_UISupportedInterfaceOrientations_iPhone = "UIInterfaceOrientationPortrait UIInterfaceOrientationLandscapeLeft UIInterfaceOrientationLandscapeRight";
				LD_RUNPATH_SEARCH_PATHS = (
					"$(inherited)",
					"@executable_path/Frameworks",
				);
				MARKETING_VERSION = 1.0;
				PRODUCT_BUNDLE_IDENTIFIER = diana.com.GrillaApp;
				PRODUCT_NAME = "$(TARGET_NAME)";
				SWIFT_EMIT_LOC_STRINGS = YES;
				SWIFT_VERSION = 5.0;
				TARGETED_DEVICE_FAMILY = "1,2";
			};
			name = Debug;
		};
		D22EDDE92A3942A90098DE1B /* Release */ = {
			isa = XCBuildConfiguration;
			buildSettings = {
				ASSETCATALOG_COMPILER_APPICON_NAME = AppIcon;
				ASSETCATALOG_COMPILER_GLOBAL_ACCENT_COLOR_NAME = AccentColor;
				CODE_SIGN_STYLE = Automatic;
				CURRENT_PROJECT_VERSION = 1;
				GENERATE_INFOPLIST_FILE = YES;
				INFOPLIST_FILE = GrillaApp/Info.plist;
				INFOPLIST_KEY_UIApplicationSupportsIndirectInputEvents = YES;
				INFOPLIST_KEY_UILaunchStoryboardName = LaunchScreen;
				INFOPLIST_KEY_UIMainStoryboardFile = Main;
				INFOPLIST_KEY_UISupportedInterfaceOrientations_iPad = "UIInterfaceOrientationPortrait UIInterfaceOrientationPortraitUpsideDown UIInterfaceOrientationLandscapeLeft UIInterfaceOrientationLandscapeRight";
				INFOPLIST_KEY_UISupportedInterfaceOrientations_iPhone = "UIInterfaceOrientationPortrait UIInterfaceOrientationLandscapeLeft UIInterfaceOrientationLandscapeRight";
				LD_RUNPATH_SEARCH_PATHS = (
					"$(inherited)",
					"@executable_path/Frameworks",
				);
				MARKETING_VERSION = 1.0;
				PRODUCT_BUNDLE_IDENTIFIER = diana.com.GrillaApp;
				PRODUCT_NAME = "$(TARGET_NAME)";
				SWIFT_EMIT_LOC_STRINGS = YES;
				SWIFT_VERSION = 5.0;
				TARGETED_DEVICE_FAMILY = "1,2";
			};
			name = Release;
		};
/* End XCBuildConfiguration section */

/* Begin XCConfigurationList section */
		D22EDDCE2A3942A80098DE1B /* Build configuration list for PBXProject "GrillaApp" */ = {
			isa = XCConfigurationList;
			buildConfigurations = (
				D22EDDE52A3942A90098DE1B /* Debug */,
				D22EDDE62A3942A90098DE1B /* Release */,
			);
			defaultConfigurationIsVisible = 0;
			defaultConfigurationName = Release;
		};
		D22EDDE72A3942A90098DE1B /* Build configuration list for PBXNativeTarget "GrillaApp" */ = {
			isa = XCConfigurationList;
			buildConfigurations = (
				D22EDDE82A3942A90098DE1B /* Debug */,
				D22EDDE92A3942A90098DE1B /* Release */,
			);
			defaultConfigurationIsVisible = 0;
			defaultConfigurationName = Release;
		};
/* End XCConfigurationList section */
	};
	rootObject = D22EDDCB2A3942A80098DE1B /* Project object */;
}
